schema: '2.0'
stages:
  data_ingestion:
    cmd: python src/data/data_ingestion.py
    deps:
    - path: src/data/data_ingestion.py
      hash: md5
      md5: 65826b01d5a4b919aa3c8a1000a07a47
      size: 3160
    params:
      params.yaml:
        data_ingestion.test_size: 0.2
    outs:
    - path: data/raw
      hash: md5
      md5: fb326d2eec197669f9638afde28356bf.dir
      size: 827973
      nfiles: 2
  data_preprocessing:
    cmd: python src/data/data_preprocessing.py
    deps:
    - path: data/raw
      hash: md5
      md5: fb326d2eec197669f9638afde28356bf.dir
      size: 827973
      nfiles: 2
    - path: src/data/data_preprocessing.py
      hash: md5
      md5: 61de4f5e0bd0b708f4d7c75b08c406a5
      size: 3480
    outs:
    - path: data/interim
      hash: md5
      md5: e38399fb0ea14943236f77b352df5875.dir
      size: 572486
      nfiles: 2
  feature_engineering:
    cmd: python src/features/feature_engineering.py
    deps:
    - path: data/interim
      hash: md5
      md5: e38399fb0ea14943236f77b352df5875.dir
      size: 572486
      nfiles: 2
    - path: src/features/feature_engineering.py
      hash: md5
      md5: 40e9b0fb535e7f371ace0eb05b92a99e
      size: 3229
    params:
      params.yaml:
        feature_engineering.max_features: 50
    outs:
    - path: data/processed
      hash: md5
      md5: feb8aa8a60f8f8f4ac4e3e885ded0861.dir
      size: 2329125
      nfiles: 2
  model_building:
    cmd: python src/model/model_building.py
    deps:
    - path: data/processed
      hash: md5
      md5: feb8aa8a60f8f8f4ac4e3e885ded0861.dir
      size: 2329125
      nfiles: 2
    - path: src/model/model_building.py
      hash: md5
      md5: 3cd05af59bcd4cd6ae08536f167fef4e
      size: 2513
    params:
      params.yaml:
        model_building.learning_rate: 0.1
        model_building.n_estimators: 25
    outs:
    - path: models/model.joblib
      hash: md5
      md5: 3d4bb4f6a4037af05aeab21b8e2729c7
      size: 52860
  model_evaluation:
    cmd: python src/model/model_evaluation.py
    deps:
    - path: models/model.joblib
      hash: md5
      md5: 3d4bb4f6a4037af05aeab21b8e2729c7
      size: 52860
    - path: src/model/model_evaluation.py
      hash: md5
      md5: 7b3ec33a1c77ab22556bc3799d59b54a
      size: 2981
    outs:
    - path: reports/metrics.json
      hash: md5
      md5: 00339bc39d30c2b85419a3b519ebdaa1
      size: 145
